// !$*UTF8*$!
{
	archiveVersion = 1;
	classes = {
	};
	objectVersion = 46;
	objects = {

/* Begin PBXBuildFile section */
		3C3E1C591B66CBE900D3AF45 /* main.m in Sources */ = {isa = PBXBuildFile; fileRef = 3C3E1C581B66CBE900D3AF45 /* main.m */; };
		3C3E1C5C1B66CBE900D3AF45 /* AppDelegate.m in Sources */ = {isa = PBXBuildFile; fileRef = 3C3E1C5B1B66CBE900D3AF45 /* AppDelegate.m */; };
		3C3E1C621B66CBE900D3AF45 /* Main.storyboard in Resources */ = {isa = PBXBuildFile; fileRef = 3C3E1C601B66CBE900D3AF45 /* Main.storyboard */; };
		3C3E1C641B66CBE900D3AF45 /* Images.xcassets in Resources */ = {isa = PBXBuildFile; fileRef = 3C3E1C631B66CBE900D3AF45 /* Images.xcassets */; };
		3C3E1C671B66CBE900D3AF45 /* LaunchScreen.xib in Resources */ = {isa = PBXBuildFile; fileRef = 3C3E1C651B66CBE900D3AF45 /* LaunchScreen.xib */; };
		3C3E1C731B66CBEA00D3AF45 /* iOS_MessagingAppTests.m in Sources */ = {isa = PBXBuildFile; fileRef = 3C3E1C721B66CBEA00D3AF45 /* iOS_MessagingAppTests.m */; };
		3C3E1C7E1B66CC0400D3AF45 /* Post.m in Sources */ = {isa = PBXBuildFile; fileRef = 3C3E1C7D1B66CC0400D3AF45 /* Post.m */; };
		3C3E1C811B66CC1000D3AF45 /* MessageThread.m in Sources */ = {isa = PBXBuildFile; fileRef = 3C3E1C801B66CC1000D3AF45 /* MessageThread.m */; };
		3C3E1C871B66CCFE00D3AF45 /* ThreadCollectionView.m in Sources */ = {isa = PBXBuildFile; fileRef = 3C3E1C861B66CCFE00D3AF45 /* ThreadCollectionView.m */; };
		3C3E1C8A1B66CF0000D3AF45 /* ThreadCell.m in Sources */ = {isa = PBXBuildFile; fileRef = 3C3E1C891B66CF0000D3AF45 /* ThreadCell.m */; };
		3C3E1C8D1B66D04C00D3AF45 /* ThreadViewController.m in Sources */ = {isa = PBXBuildFile; fileRef = 3C3E1C8C1B66D04B00D3AF45 /* ThreadViewController.m */; };
		3C3E1C901B66D12500D3AF45 /* PostCell.m in Sources */ = {isa = PBXBuildFile; fileRef = 3C3E1C8F1B66D12500D3AF45 /* PostCell.m */; };
		81374DC61B698D3B007926AD /* LocationManagerHandler.m in Sources */ = {isa = PBXBuildFile; fileRef = 81374DC51B698D3B007926AD /* LocationManagerHandler.m */; };
		81374DC91B698D5B007926AD /* circleCell.m in Sources */ = {isa = PBXBuildFile; fileRef = 81374DC81B698D5B007926AD /* circleCell.m */; };
		81374DCC1B698D6D007926AD /* CircularLayout.m in Sources */ = {isa = PBXBuildFile; fileRef = 81374DCB1B698D6D007926AD /* CircularLayout.m */; };
		81CFCFF91B68126E00FE3B59 /* FacebookSDKStrings.bundle in Resources */ = {isa = PBXBuildFile; fileRef = 81CFCFE01B68126E00FE3B59 /* FacebookSDKStrings.bundle */; };
		81CFCFFA1B68126E00FE3B59 /* FBAudienceNetwork.framework in Frameworks */ = {isa = PBXBuildFile; fileRef = 81CFCFE11B68126E00FE3B59 /* FBAudienceNetwork.framework */; };
		81CFCFFB1B68126E00FE3B59 /* FBSDKMessengerShareKit.framework in Frameworks */ = {isa = PBXBuildFile; fileRef = 81CFCFE21B68126E00FE3B59 /* FBSDKMessengerShareKit.framework */; };
		81CFCFFC1B68126E00FE3B59 /* Bolts.framework in Frameworks */ = {isa = PBXBuildFile; fileRef = 81CFCFE31B68126E00FE3B59 /* Bolts.framework */; };
		81CFCFFD1B68126E00FE3B59 /* Parse.framework in Frameworks */ = {isa = PBXBuildFile; fileRef = 81CFCFE41B68126E00FE3B59 /* Parse.framework */; };
		81CFCFFE1B68126E00FE3B59 /* ParseCrashReporting.framework in Frameworks */ = {isa = PBXBuildFile; fileRef = 81CFCFE51B68126E00FE3B59 /* ParseCrashReporting.framework */; };
		81CFCFFF1B68126E00FE3B59 /* ParseFacebookUtils.framework in Frameworks */ = {isa = PBXBuildFile; fileRef = 81CFCFE61B68126E00FE3B59 /* ParseFacebookUtils.framework */; };
		81CFD0001B68126E00FE3B59 /* ParseFacebookUtilsV4.framework in Frameworks */ = {isa = PBXBuildFile; fileRef = 81CFCFE71B68126E00FE3B59 /* ParseFacebookUtilsV4.framework */; };
		81CFD0011B68126E00FE3B59 /* ParseUI.framework in Frameworks */ = {isa = PBXBuildFile; fileRef = 81CFCFE81B68126E00FE3B59 /* ParseUI.framework */; };
		81CFD0021B68126E00FE3B59 /* libsqlite3.dylib in Frameworks */ = {isa = PBXBuildFile; fileRef = 81CFCFE91B68126E00FE3B59 /* libsqlite3.dylib */; };
		81CFD0031B68126E00FE3B59 /* libz.dylib in Frameworks */ = {isa = PBXBuildFile; fileRef = 81CFCFEA1B68126E00FE3B59 /* libz.dylib */; };
		81CFD0041B68126E00FE3B59 /* SystemConfiguration.framework in Frameworks */ = {isa = PBXBuildFile; fileRef = 81CFCFEB1B68126E00FE3B59 /* SystemConfiguration.framework */; };
		81CFD0051B68126E00FE3B59 /* StoreKit.framework in Frameworks */ = {isa = PBXBuildFile; fileRef = 81CFCFEC1B68126E00FE3B59 /* StoreKit.framework */; };
		81CFD0061B68126E00FE3B59 /* Social.framework in Frameworks */ = {isa = PBXBuildFile; fileRef = 81CFCFED1B68126E00FE3B59 /* Social.framework */; };
		81CFD0071B68126E00FE3B59 /* Security.framework in Frameworks */ = {isa = PBXBuildFile; fileRef = 81CFCFEE1B68126E00FE3B59 /* Security.framework */; };
		81CFD0081B68126E00FE3B59 /* QuartzCore.framework in Frameworks */ = {isa = PBXBuildFile; fileRef = 81CFCFEF1B68126E00FE3B59 /* QuartzCore.framework */; };
		81CFD0091B68126E00FE3B59 /* CoreGraphics.framework in Frameworks */ = {isa = PBXBuildFile; fileRef = 81CFCFF01B68126E00FE3B59 /* CoreGraphics.framework */; };
		81CFD00A1B68126E00FE3B59 /* CFNetwork.framework in Frameworks */ = {isa = PBXBuildFile; fileRef = 81CFCFF11B68126E00FE3B59 /* CFNetwork.framework */; };
		81CFD00B1B68126E00FE3B59 /* AudioToolbox.framework in Frameworks */ = {isa = PBXBuildFile; fileRef = 81CFCFF21B68126E00FE3B59 /* AudioToolbox.framework */; };
		81CFD00C1B68126E00FE3B59 /* Accounts.framework in Frameworks */ = {isa = PBXBuildFile; fileRef = 81CFCFF31B68126E00FE3B59 /* Accounts.framework */; };
		81CFD00D1B68126E00FE3B59 /* MapKit.framework in Frameworks */ = {isa = PBXBuildFile; fileRef = 81CFCFF41B68126E00FE3B59 /* MapKit.framework */; };
		81CFD00E1B68126E00FE3B59 /* CoreLocation.framework in Frameworks */ = {isa = PBXBuildFile; fileRef = 81CFCFF51B68126E00FE3B59 /* CoreLocation.framework */; };
		81CFD00F1B68126E00FE3B59 /* FBSDKCoreKit.framework in Frameworks */ = {isa = PBXBuildFile; fileRef = 81CFCFF61B68126E00FE3B59 /* FBSDKCoreKit.framework */; };
		81CFD0101B68126E00FE3B59 /* FBSDKLoginKit.framework in Frameworks */ = {isa = PBXBuildFile; fileRef = 81CFCFF71B68126E00FE3B59 /* FBSDKLoginKit.framework */; };
		81CFD0111B68126E00FE3B59 /* FBSDKShareKit.framework in Frameworks */ = {isa = PBXBuildFile; fileRef = 81CFCFF81B68126E00FE3B59 /* FBSDKShareKit.framework */; };
		81CFD0161B6814F700FE3B59 /* Collection.m in Sources */ = {isa = PBXBuildFile; fileRef = 81CFD0131B6814F700FE3B59 /* Collection.m */; };
		81CFD0171B6814F700FE3B59 /* CollectionHandler.m in Sources */ = {isa = PBXBuildFile; fileRef = 81CFD0151B6814F700FE3B59 /* CollectionHandler.m */; };
		81CFD01A1B681CA000FE3B59 /* MaoViewViewController.m in Sources */ = {isa = PBXBuildFile; fileRef = 81CFD0191B681CA000FE3B59 /* MaoViewViewController.m */; };
		81CFD01D1B68291900FE3B59 /* FacebookViewController.m in Sources */ = {isa = PBXBuildFile; fileRef = 81CFD01C1B68291900FE3B59 /* FacebookViewController.m */; };
		81CFD0201B687DEB00FE3B59 /* LoginViewController.m in Sources */ = {isa = PBXBuildFile; fileRef = 81CFD01F1B687DEB00FE3B59 /* LoginViewController.m */; };
/* End PBXBuildFile section */

/* Begin PBXContainerItemProxy section */
		3C3E1C6D1B66CBEA00D3AF45 /* PBXContainerItemProxy */ = {
			isa = PBXContainerItemProxy;
			containerPortal = 3C3E1C4B1B66CBE900D3AF45 /* Project object */;
			proxyType = 1;
			remoteGlobalIDString = 3C3E1C521B66CBE900D3AF45;
			remoteInfo = "iOS-MessagingApp";
		};
/* End PBXContainerItemProxy section */

/* Begin PBXFileReference section */
		3C3E1C531B66CBE900D3AF45 /* iOS-MessagingApp.app */ = {isa = PBXFileReference; explicitFileType = wrapper.application; includeInIndex = 0; path = "iOS-MessagingApp.app"; sourceTree = BUILT_PRODUCTS_DIR; };
		3C3E1C571B66CBE900D3AF45 /* Info.plist */ = {isa = PBXFileReference; lastKnownFileType = text.plist.xml; path = Info.plist; sourceTree = "<group>"; };
		3C3E1C581B66CBE900D3AF45 /* main.m */ = {isa = PBXFileReference; lastKnownFileType = sourcecode.c.objc; path = main.m; sourceTree = "<group>"; };
		3C3E1C5A1B66CBE900D3AF45 /* AppDelegate.h */ = {isa = PBXFileReference; lastKnownFileType = sourcecode.c.h; path = AppDelegate.h; sourceTree = "<group>"; };
		3C3E1C5B1B66CBE900D3AF45 /* AppDelegate.m */ = {isa = PBXFileReference; lastKnownFileType = sourcecode.c.objc; path = AppDelegate.m; sourceTree = "<group>"; };
		3C3E1C611B66CBE900D3AF45 /* Base */ = {isa = PBXFileReference; lastKnownFileType = file.storyboard; name = Base; path = Base.lproj/Main.storyboard; sourceTree = "<group>"; };
		3C3E1C631B66CBE900D3AF45 /* Images.xcassets */ = {isa = PBXFileReference; lastKnownFileType = folder.assetcatalog; path = Images.xcassets; sourceTree = "<group>"; };
		3C3E1C661B66CBE900D3AF45 /* Base */ = {isa = PBXFileReference; lastKnownFileType = file.xib; name = Base; path = Base.lproj/LaunchScreen.xib; sourceTree = "<group>"; };
		3C3E1C6C1B66CBEA00D3AF45 /* iOS-MessagingAppTests.xctest */ = {isa = PBXFileReference; explicitFileType = wrapper.cfbundle; includeInIndex = 0; path = "iOS-MessagingAppTests.xctest"; sourceTree = BUILT_PRODUCTS_DIR; };
		3C3E1C711B66CBEA00D3AF45 /* Info.plist */ = {isa = PBXFileReference; lastKnownFileType = text.plist.xml; path = Info.plist; sourceTree = "<group>"; };
		3C3E1C721B66CBEA00D3AF45 /* iOS_MessagingAppTests.m */ = {isa = PBXFileReference; lastKnownFileType = sourcecode.c.objc; path = iOS_MessagingAppTests.m; sourceTree = "<group>"; };
		3C3E1C7C1B66CC0400D3AF45 /* Post.h */ = {isa = PBXFileReference; fileEncoding = 4; lastKnownFileType = sourcecode.c.h; path = Post.h; sourceTree = "<group>"; };
		3C3E1C7D1B66CC0400D3AF45 /* Post.m */ = {isa = PBXFileReference; fileEncoding = 4; lastKnownFileType = sourcecode.c.objc; path = Post.m; sourceTree = "<group>"; };
		3C3E1C7F1B66CC1000D3AF45 /* MessageThread.h */ = {isa = PBXFileReference; fileEncoding = 4; lastKnownFileType = sourcecode.c.h; path = MessageThread.h; sourceTree = "<group>"; };
		3C3E1C801B66CC1000D3AF45 /* MessageThread.m */ = {isa = PBXFileReference; fileEncoding = 4; lastKnownFileType = sourcecode.c.objc; path = MessageThread.m; sourceTree = "<group>"; };
		3C3E1C851B66CCFE00D3AF45 /* ThreadCollectionView.h */ = {isa = PBXFileReference; fileEncoding = 4; lastKnownFileType = sourcecode.c.h; path = ThreadCollectionView.h; sourceTree = "<group>"; };
		3C3E1C861B66CCFE00D3AF45 /* ThreadCollectionView.m */ = {isa = PBXFileReference; fileEncoding = 4; lastKnownFileType = sourcecode.c.objc; path = ThreadCollectionView.m; sourceTree = "<group>"; };
		3C3E1C881B66CF0000D3AF45 /* ThreadCell.h */ = {isa = PBXFileReference; fileEncoding = 4; lastKnownFileType = sourcecode.c.h; path = ThreadCell.h; sourceTree = "<group>"; };
		3C3E1C891B66CF0000D3AF45 /* ThreadCell.m */ = {isa = PBXFileReference; fileEncoding = 4; lastKnownFileType = sourcecode.c.objc; path = ThreadCell.m; sourceTree = "<group>"; };
		3C3E1C8B1B66D04B00D3AF45 /* ThreadViewController.h */ = {isa = PBXFileReference; fileEncoding = 4; lastKnownFileType = sourcecode.c.h; path = ThreadViewController.h; sourceTree = "<group>"; };
		3C3E1C8C1B66D04B00D3AF45 /* ThreadViewController.m */ = {isa = PBXFileReference; fileEncoding = 4; lastKnownFileType = sourcecode.c.objc; path = ThreadViewController.m; sourceTree = "<group>"; };
		3C3E1C8E1B66D12500D3AF45 /* PostCell.h */ = {isa = PBXFileReference; fileEncoding = 4; lastKnownFileType = sourcecode.c.h; path = PostCell.h; sourceTree = "<group>"; };
		3C3E1C8F1B66D12500D3AF45 /* PostCell.m */ = {isa = PBXFileReference; fileEncoding = 4; lastKnownFileType = sourcecode.c.objc; path = PostCell.m; sourceTree = "<group>"; };
		81374DC41B698D3B007926AD /* LocationManagerHandler.h */ = {isa = PBXFileReference; fileEncoding = 4; lastKnownFileType = sourcecode.c.h; path = LocationManagerHandler.h; sourceTree = "<group>"; };
		81374DC51B698D3B007926AD /* LocationManagerHandler.m */ = {isa = PBXFileReference; fileEncoding = 4; lastKnownFileType = sourcecode.c.objc; path = LocationManagerHandler.m; sourceTree = "<group>"; };
		81374DC71B698D5B007926AD /* circleCell.h */ = {isa = PBXFileReference; fileEncoding = 4; lastKnownFileType = sourcecode.c.h; path = circleCell.h; sourceTree = "<group>"; };
		81374DC81B698D5B007926AD /* circleCell.m */ = {isa = PBXFileReference; fileEncoding = 4; lastKnownFileType = sourcecode.c.objc; path = circleCell.m; sourceTree = "<group>"; };
		81374DCA1B698D6D007926AD /* CircularLayout.h */ = {isa = PBXFileReference; fileEncoding = 4; lastKnownFileType = sourcecode.c.h; path = CircularLayout.h; sourceTree = "<group>"; };
		81374DCB1B698D6D007926AD /* CircularLayout.m */ = {isa = PBXFileReference; fileEncoding = 4; lastKnownFileType = sourcecode.c.objc; path = CircularLayout.m; sourceTree = "<group>"; };
		81CFCFE01B68126E00FE3B59 /* FacebookSDKStrings.bundle */ = {isa = PBXFileReference; lastKnownFileType = "wrapper.plug-in"; name = FacebookSDKStrings.bundle; path = ../../FacebookSDK/FacebookSDKStrings.bundle; sourceTree = "<group>"; };
		81CFCFE11B68126E00FE3B59 /* FBAudienceNetwork.framework */ = {isa = PBXFileReference; lastKnownFileType = wrapper.framework; name = FBAudienceNetwork.framework; path = ../../FacebookSDK/FBAudienceNetwork.framework; sourceTree = "<group>"; };
		81CFCFE21B68126E00FE3B59 /* FBSDKMessengerShareKit.framework */ = {isa = PBXFileReference; lastKnownFileType = wrapper.framework; name = FBSDKMessengerShareKit.framework; path = ../../FacebookSDK/FBSDKMessengerShareKit.framework; sourceTree = "<group>"; };
		81CFCFE31B68126E00FE3B59 /* Bolts.framework */ = {isa = PBXFileReference; lastKnownFileType = wrapper.framework; name = Bolts.framework; path = "../../../Downloads/parse-library-1.7.5/Bolts.framework"; sourceTree = "<group>"; };
		81CFCFE41B68126E00FE3B59 /* Parse.framework */ = {isa = PBXFileReference; lastKnownFileType = wrapper.framework; name = Parse.framework; path = "../../../Downloads/parse-library-1.7.5/Parse.framework"; sourceTree = "<group>"; };
		81CFCFE51B68126E00FE3B59 /* ParseCrashReporting.framework */ = {isa = PBXFileReference; lastKnownFileType = wrapper.framework; name = ParseCrashReporting.framework; path = "../../../Downloads/parse-library-1.7.5/ParseCrashReporting.framework"; sourceTree = "<group>"; };
		81CFCFE61B68126E00FE3B59 /* ParseFacebookUtils.framework */ = {isa = PBXFileReference; lastKnownFileType = wrapper.framework; name = ParseFacebookUtils.framework; path = "../../../Downloads/parse-library-1.7.5/ParseFacebookUtils.framework"; sourceTree = "<group>"; };
		81CFCFE71B68126E00FE3B59 /* ParseFacebookUtilsV4.framework */ = {isa = PBXFileReference; lastKnownFileType = wrapper.framework; name = ParseFacebookUtilsV4.framework; path = "../../../Downloads/parse-library-1.7.5/ParseFacebookUtilsV4.framework"; sourceTree = "<group>"; };
		81CFCFE81B68126E00FE3B59 /* ParseUI.framework */ = {isa = PBXFileReference; lastKnownFileType = wrapper.framework; name = ParseUI.framework; path = "../../../Downloads/parse-library-1.7.5/ParseUI.framework"; sourceTree = "<group>"; };
		81CFCFE91B68126E00FE3B59 /* libsqlite3.dylib */ = {isa = PBXFileReference; lastKnownFileType = "compiled.mach-o.dylib"; name = libsqlite3.dylib; path = usr/lib/libsqlite3.dylib; sourceTree = SDKROOT; };
		81CFCFEA1B68126E00FE3B59 /* libz.dylib */ = {isa = PBXFileReference; lastKnownFileType = "compiled.mach-o.dylib"; name = libz.dylib; path = usr/lib/libz.dylib; sourceTree = SDKROOT; };
		81CFCFEB1B68126E00FE3B59 /* SystemConfiguration.framework */ = {isa = PBXFileReference; lastKnownFileType = wrapper.framework; name = SystemConfiguration.framework; path = System/Library/Frameworks/SystemConfiguration.framework; sourceTree = SDKROOT; };
		81CFCFEC1B68126E00FE3B59 /* StoreKit.framework */ = {isa = PBXFileReference; lastKnownFileType = wrapper.framework; name = StoreKit.framework; path = System/Library/Frameworks/StoreKit.framework; sourceTree = SDKROOT; };
		81CFCFED1B68126E00FE3B59 /* Social.framework */ = {isa = PBXFileReference; lastKnownFileType = wrapper.framework; name = Social.framework; path = System/Library/Frameworks/Social.framework; sourceTree = SDKROOT; };
		81CFCFEE1B68126E00FE3B59 /* Security.framework */ = {isa = PBXFileReference; lastKnownFileType = wrapper.framework; name = Security.framework; path = System/Library/Frameworks/Security.framework; sourceTree = SDKROOT; };
		81CFCFEF1B68126E00FE3B59 /* QuartzCore.framework */ = {isa = PBXFileReference; lastKnownFileType = wrapper.framework; name = QuartzCore.framework; path = System/Library/Frameworks/QuartzCore.framework; sourceTree = SDKROOT; };
		81CFCFF01B68126E00FE3B59 /* CoreGraphics.framework */ = {isa = PBXFileReference; lastKnownFileType = wrapper.framework; name = CoreGraphics.framework; path = System/Library/Frameworks/CoreGraphics.framework; sourceTree = SDKROOT; };
		81CFCFF11B68126E00FE3B59 /* CFNetwork.framework */ = {isa = PBXFileReference; lastKnownFileType = wrapper.framework; name = CFNetwork.framework; path = System/Library/Frameworks/CFNetwork.framework; sourceTree = SDKROOT; };
		81CFCFF21B68126E00FE3B59 /* AudioToolbox.framework */ = {isa = PBXFileReference; lastKnownFileType = wrapper.framework; name = AudioToolbox.framework; path = System/Library/Frameworks/AudioToolbox.framework; sourceTree = SDKROOT; };
		81CFCFF31B68126E00FE3B59 /* Accounts.framework */ = {isa = PBXFileReference; lastKnownFileType = wrapper.framework; name = Accounts.framework; path = System/Library/Frameworks/Accounts.framework; sourceTree = SDKROOT; };
		81CFCFF41B68126E00FE3B59 /* MapKit.framework */ = {isa = PBXFileReference; lastKnownFileType = wrapper.framework; name = MapKit.framework; path = System/Library/Frameworks/MapKit.framework; sourceTree = SDKROOT; };
		81CFCFF51B68126E00FE3B59 /* CoreLocation.framework */ = {isa = PBXFileReference; lastKnownFileType = wrapper.framework; name = CoreLocation.framework; path = System/Library/Frameworks/CoreLocation.framework; sourceTree = SDKROOT; };
		81CFCFF61B68126E00FE3B59 /* FBSDKCoreKit.framework */ = {isa = PBXFileReference; lastKnownFileType = wrapper.framework; name = FBSDKCoreKit.framework; path = ../../FacebookSDK/FBSDKCoreKit.framework; sourceTree = "<group>"; };
		81CFCFF71B68126E00FE3B59 /* FBSDKLoginKit.framework */ = {isa = PBXFileReference; lastKnownFileType = wrapper.framework; name = FBSDKLoginKit.framework; path = ../../FacebookSDK/FBSDKLoginKit.framework; sourceTree = "<group>"; };
		81CFCFF81B68126E00FE3B59 /* FBSDKShareKit.framework */ = {isa = PBXFileReference; lastKnownFileType = wrapper.framework; name = FBSDKShareKit.framework; path = ../../FacebookSDK/FBSDKShareKit.framework; sourceTree = "<group>"; };
		81CFD0121B6814F700FE3B59 /* Collection.h */ = {isa = PBXFileReference; fileEncoding = 4; lastKnownFileType = sourcecode.c.h; path = Collection.h; sourceTree = "<group>"; };
		81CFD0131B6814F700FE3B59 /* Collection.m */ = {isa = PBXFileReference; fileEncoding = 4; lastKnownFileType = sourcecode.c.objc; path = Collection.m; sourceTree = "<group>"; };
		81CFD0141B6814F700FE3B59 /* CollectionHandler.h */ = {isa = PBXFileReference; fileEncoding = 4; lastKnownFileType = sourcecode.c.h; path = CollectionHandler.h; sourceTree = "<group>"; };
		81CFD0151B6814F700FE3B59 /* CollectionHandler.m */ = {isa = PBXFileReference; fileEncoding = 4; lastKnownFileType = sourcecode.c.objc; path = CollectionHandler.m; sourceTree = "<group>"; };
		81CFD0181B681CA000FE3B59 /* MaoViewViewController.h */ = {isa = PBXFileReference; fileEncoding = 4; lastKnownFileType = sourcecode.c.h; path = MaoViewViewController.h; sourceTree = "<group>"; };
		81CFD0191B681CA000FE3B59 /* MaoViewViewController.m */ = {isa = PBXFileReference; fileEncoding = 4; lastKnownFileType = sourcecode.c.objc; path = MaoViewViewController.m; sourceTree = "<group>"; };
		81CFD01B1B68291900FE3B59 /* FacebookViewController.h */ = {isa = PBXFileReference; fileEncoding = 4; lastKnownFileType = sourcecode.c.h; path = FacebookViewController.h; sourceTree = "<group>"; };
		81CFD01C1B68291900FE3B59 /* FacebookViewController.m */ = {isa = PBXFileReference; fileEncoding = 4; lastKnownFileType = sourcecode.c.objc; path = FacebookViewController.m; sourceTree = "<group>"; };
		81CFD01E1B687DEB00FE3B59 /* LoginViewController.h */ = {isa = PBXFileReference; fileEncoding = 4; lastKnownFileType = sourcecode.c.h; path = LoginViewController.h; sourceTree = "<group>"; };
		81CFD01F1B687DEB00FE3B59 /* LoginViewController.m */ = {isa = PBXFileReference; fileEncoding = 4; lastKnownFileType = sourcecode.c.objc; path = LoginViewController.m; sourceTree = "<group>"; };
/* End PBXFileReference section */

/* Begin PBXFrameworksBuildPhase section */
		3C3E1C501B66CBE900D3AF45 /* Frameworks */ = {
			isa = PBXFrameworksBuildPhase;
			buildActionMask = 2147483647;
			files = (
				81CFD00D1B68126E00FE3B59 /* MapKit.framework in Frameworks */,
				81CFCFFC1B68126E00FE3B59 /* Bolts.framework in Frameworks */,
				81CFD0031B68126E00FE3B59 /* libz.dylib in Frameworks */,
				81CFD00F1B68126E00FE3B59 /* FBSDKCoreKit.framework in Frameworks */,
				81CFCFFE1B68126E00FE3B59 /* ParseCrashReporting.framework in Frameworks */,
				81CFD0101B68126E00FE3B59 /* FBSDKLoginKit.framework in Frameworks */,
				81CFD00A1B68126E00FE3B59 /* CFNetwork.framework in Frameworks */,
				81CFD0061B68126E00FE3B59 /* Social.framework in Frameworks */,
				81CFD0111B68126E00FE3B59 /* FBSDKShareKit.framework in Frameworks */,
				81CFD00B1B68126E00FE3B59 /* AudioToolbox.framework in Frameworks */,
				81CFD0071B68126E00FE3B59 /* Security.framework in Frameworks */,
				81CFD0081B68126E00FE3B59 /* QuartzCore.framework in Frameworks */,
				81CFD0051B68126E00FE3B59 /* StoreKit.framework in Frameworks */,
				81CFD0001B68126E00FE3B59 /* ParseFacebookUtilsV4.framework in Frameworks */,
				81CFCFFF1B68126E00FE3B59 /* ParseFacebookUtils.framework in Frameworks */,
				81CFD00C1B68126E00FE3B59 /* Accounts.framework in Frameworks */,
				81CFD0021B68126E00FE3B59 /* libsqlite3.dylib in Frameworks */,
				81CFD0041B68126E00FE3B59 /* SystemConfiguration.framework in Frameworks */,
				81CFCFFB1B68126E00FE3B59 /* FBSDKMessengerShareKit.framework in Frameworks */,
				81CFD0091B68126E00FE3B59 /* CoreGraphics.framework in Frameworks */,
				81CFCFFD1B68126E00FE3B59 /* Parse.framework in Frameworks */,
				81CFD00E1B68126E00FE3B59 /* CoreLocation.framework in Frameworks */,
				81CFD0011B68126E00FE3B59 /* ParseUI.framework in Frameworks */,
				81CFCFFA1B68126E00FE3B59 /* FBAudienceNetwork.framework in Frameworks */,
			);
			runOnlyForDeploymentPostprocessing = 0;
		};
		3C3E1C691B66CBEA00D3AF45 /* Frameworks */ = {
			isa = PBXFrameworksBuildPhase;
			buildActionMask = 2147483647;
			files = (
			);
			runOnlyForDeploymentPostprocessing = 0;
		};
/* End PBXFrameworksBuildPhase section */

/* Begin PBXGroup section */
		3C3E1C4A1B66CBE900D3AF45 = {
			isa = PBXGroup;
			children = (
				81CFCFDF1B68125900FE3B59 /* Frameworks */,
				3C3E1C551B66CBE900D3AF45 /* iOS-MessagingApp */,
				3C3E1C6F1B66CBEA00D3AF45 /* iOS-MessagingAppTests */,
				3C3E1C541B66CBE900D3AF45 /* Products */,
			);
			sourceTree = "<group>";
		};
		3C3E1C541B66CBE900D3AF45 /* Products */ = {
			isa = PBXGroup;
			children = (
				3C3E1C531B66CBE900D3AF45 /* iOS-MessagingApp.app */,
				3C3E1C6C1B66CBEA00D3AF45 /* iOS-MessagingAppTests.xctest */,
			);
			name = Products;
			sourceTree = "<group>";
		};
		3C3E1C551B66CBE900D3AF45 /* iOS-MessagingApp */ = {
			isa = PBXGroup;
			children = (
				3C3E1C5A1B66CBE900D3AF45 /* AppDelegate.h */,
				3C3E1C5B1B66CBE900D3AF45 /* AppDelegate.m */,
				81CFD01B1B68291900FE3B59 /* FacebookViewController.h */,
				81CFD01C1B68291900FE3B59 /* FacebookViewController.m */,
				81374DC71B698D5B007926AD /* circleCell.h */,
				81374DC81B698D5B007926AD /* circleCell.m */,
				81374DCA1B698D6D007926AD /* CircularLayout.h */,
				81374DCB1B698D6D007926AD /* CircularLayout.m */,
				81CFD0121B6814F700FE3B59 /* Collection.h */,
				81CFD0131B6814F700FE3B59 /* Collection.m */,
				81CFD0141B6814F700FE3B59 /* CollectionHandler.h */,
				81CFD0151B6814F700FE3B59 /* CollectionHandler.m */,
				3C3E1C7C1B66CC0400D3AF45 /* Post.h */,
				3C3E1C7D1B66CC0400D3AF45 /* Post.m */,
				81CFD0181B681CA000FE3B59 /* MaoViewViewController.h */,
				81CFD0191B681CA000FE3B59 /* MaoViewViewController.m */,
				3C3E1C7F1B66CC1000D3AF45 /* MessageThread.h */,
				3C3E1C801B66CC1000D3AF45 /* MessageThread.m */,
				81374DC41B698D3B007926AD /* LocationManagerHandler.h */,
				81374DC51B698D3B007926AD /* LocationManagerHandler.m */,
				81CFD01E1B687DEB00FE3B59 /* LoginViewController.h */,
				81CFD01F1B687DEB00FE3B59 /* LoginViewController.m */,
				3C3E1C8E1B66D12500D3AF45 /* PostCell.h */,
				3C3E1C8F1B66D12500D3AF45 /* PostCell.m */,
				3C3E1C8B1B66D04B00D3AF45 /* ThreadViewController.h */,
				3C3E1C8C1B66D04B00D3AF45 /* ThreadViewController.m */,
				3C3E1C881B66CF0000D3AF45 /* ThreadCell.h */,
				3C3E1C891B66CF0000D3AF45 /* ThreadCell.m */,
				3C3E1C851B66CCFE00D3AF45 /* ThreadCollectionView.h */,
				3C3E1C861B66CCFE00D3AF45 /* ThreadCollectionView.m */,
				3C3E1C601B66CBE900D3AF45 /* Main.storyboard */,
				3C3E1C631B66CBE900D3AF45 /* Images.xcassets */,
				3C3E1C651B66CBE900D3AF45 /* LaunchScreen.xib */,
				3C3E1C561B66CBE900D3AF45 /* Supporting Files */,
			);
			path = "iOS-MessagingApp";
			sourceTree = "<group>";
		};
		3C3E1C561B66CBE900D3AF45 /* Supporting Files */ = {
			isa = PBXGroup;
			children = (
				3C3E1C571B66CBE900D3AF45 /* Info.plist */,
				3C3E1C581B66CBE900D3AF45 /* main.m */,
			);
			name = "Supporting Files";
			sourceTree = "<group>";
		};
		3C3E1C6F1B66CBEA00D3AF45 /* iOS-MessagingAppTests */ = {
			isa = PBXGroup;
			children = (
				3C3E1C721B66CBEA00D3AF45 /* iOS_MessagingAppTests.m */,
				3C3E1C701B66CBEA00D3AF45 /* Supporting Files */,
			);
			path = "iOS-MessagingAppTests";
			sourceTree = "<group>";
		};
		3C3E1C701B66CBEA00D3AF45 /* Supporting Files */ = {
			isa = PBXGroup;
			children = (
				3C3E1C711B66CBEA00D3AF45 /* Info.plist */,
			);
			name = "Supporting Files";
			sourceTree = "<group>";
		};
		81CFCFDF1B68125900FE3B59 /* Frameworks */ = {
			isa = PBXGroup;
			children = (
				81CFCFE01B68126E00FE3B59 /* FacebookSDKStrings.bundle */,
				81CFCFE11B68126E00FE3B59 /* FBAudienceNetwork.framework */,
				81CFCFE21B68126E00FE3B59 /* FBSDKMessengerShareKit.framework */,
				81CFCFE31B68126E00FE3B59 /* Bolts.framework */,
				81CFCFE41B68126E00FE3B59 /* Parse.framework */,
				81CFCFE51B68126E00FE3B59 /* ParseCrashReporting.framework */,
				81CFCFE61B68126E00FE3B59 /* ParseFacebookUtils.framework */,
				81CFCFE71B68126E00FE3B59 /* ParseFacebookUtilsV4.framework */,
				81CFCFE81B68126E00FE3B59 /* ParseUI.framework */,
				81CFCFE91B68126E00FE3B59 /* libsqlite3.dylib */,
				81CFCFEA1B68126E00FE3B59 /* libz.dylib */,
				81CFCFEB1B68126E00FE3B59 /* SystemConfiguration.framework */,
				81CFCFEC1B68126E00FE3B59 /* StoreKit.framework */,
				81CFCFED1B68126E00FE3B59 /* Social.framework */,
				81CFCFEE1B68126E00FE3B59 /* Security.framework */,
				81CFCFEF1B68126E00FE3B59 /* QuartzCore.framework */,
				81CFCFF01B68126E00FE3B59 /* CoreGraphics.framework */,
				81CFCFF11B68126E00FE3B59 /* CFNetwork.framework */,
				81CFCFF21B68126E00FE3B59 /* AudioToolbox.framework */,
				81CFCFF31B68126E00FE3B59 /* Accounts.framework */,
				81CFCFF41B68126E00FE3B59 /* MapKit.framework */,
				81CFCFF51B68126E00FE3B59 /* CoreLocation.framework */,
				81CFCFF61B68126E00FE3B59 /* FBSDKCoreKit.framework */,
				81CFCFF71B68126E00FE3B59 /* FBSDKLoginKit.framework */,
				81CFCFF81B68126E00FE3B59 /* FBSDKShareKit.framework */,
			);
			name = Frameworks;
			sourceTree = "<group>";
		};
/* End PBXGroup section */

/* Begin PBXNativeTarget section */
		3C3E1C521B66CBE900D3AF45 /* iOS-MessagingApp */ = {
			isa = PBXNativeTarget;
			buildConfigurationList = 3C3E1C761B66CBEA00D3AF45 /* Build configuration list for PBXNativeTarget "iOS-MessagingApp" */;
			buildPhases = (
				3C3E1C4F1B66CBE900D3AF45 /* Sources */,
				3C3E1C501B66CBE900D3AF45 /* Frameworks */,
				3C3E1C511B66CBE900D3AF45 /* Resources */,
			);
			buildRules = (
			);
			dependencies = (
			);
			name = "iOS-MessagingApp";
			productName = "iOS-MessagingApp";
			productReference = 3C3E1C531B66CBE900D3AF45 /* iOS-MessagingApp.app */;
			productType = "com.apple.product-type.application";
		};
		3C3E1C6B1B66CBEA00D3AF45 /* iOS-MessagingAppTests */ = {
			isa = PBXNativeTarget;
			buildConfigurationList = 3C3E1C791B66CBEA00D3AF45 /* Build configuration list for PBXNativeTarget "iOS-MessagingAppTests" */;
			buildPhases = (
				3C3E1C681B66CBEA00D3AF45 /* Sources */,
				3C3E1C691B66CBEA00D3AF45 /* Frameworks */,
				3C3E1C6A1B66CBEA00D3AF45 /* Resources */,
			);
			buildRules = (
			);
			dependencies = (
				3C3E1C6E1B66CBEA00D3AF45 /* PBXTargetDependency */,
			);
			name = "iOS-MessagingAppTests";
			productName = "iOS-MessagingAppTests";
			productReference = 3C3E1C6C1B66CBEA00D3AF45 /* iOS-MessagingAppTests.xctest */;
			productType = "com.apple.product-type.bundle.unit-test";
		};
/* End PBXNativeTarget section */

/* Begin PBXProject section */
		3C3E1C4B1B66CBE900D3AF45 /* Project object */ = {
			isa = PBXProject;
			attributes = {
				LastUpgradeCheck = 0640;
				ORGANIZATIONNAME = "ricardo antonio cacho";
				TargetAttributes = {
					3C3E1C521B66CBE900D3AF45 = {
						CreatedOnToolsVersion = 6.4;
						DevelopmentTeam = G2QCS3699J;
					};
					3C3E1C6B1B66CBEA00D3AF45 = {
						CreatedOnToolsVersion = 6.4;
						TestTargetID = 3C3E1C521B66CBE900D3AF45;
					};
				};
			};
			buildConfigurationList = 3C3E1C4E1B66CBE900D3AF45 /* Build configuration list for PBXProject "iOS-MessagingApp" */;
			compatibilityVersion = "Xcode 3.2";
			developmentRegion = English;
			hasScannedForEncodings = 0;
			knownRegions = (
				en,
				Base,
			);
			mainGroup = 3C3E1C4A1B66CBE900D3AF45;
			productRefGroup = 3C3E1C541B66CBE900D3AF45 /* Products */;
			projectDirPath = "";
			projectRoot = "";
			targets = (
				3C3E1C521B66CBE900D3AF45 /* iOS-MessagingApp */,
				3C3E1C6B1B66CBEA00D3AF45 /* iOS-MessagingAppTests */,
			);
		};
/* End PBXProject section */

/* Begin PBXResourcesBuildPhase section */
		3C3E1C511B66CBE900D3AF45 /* Resources */ = {
			isa = PBXResourcesBuildPhase;
			buildActionMask = 2147483647;
			files = (
				3C3E1C621B66CBE900D3AF45 /* Main.storyboard in Resources */,
				3C3E1C671B66CBE900D3AF45 /* LaunchScreen.xib in Resources */,
				3C3E1C641B66CBE900D3AF45 /* Images.xcassets in Resources */,
				81CFCFF91B68126E00FE3B59 /* FacebookSDKStrings.bundle in Resources */,
			);
			runOnlyForDeploymentPostprocessing = 0;
		};
		3C3E1C6A1B66CBEA00D3AF45 /* Resources */ = {
			isa = PBXResourcesBuildPhase;
			buildActionMask = 2147483647;
			files = (
			);
			runOnlyForDeploymentPostprocessing = 0;
		};
/* End PBXResourcesBuildPhase section */

/* Begin PBXSourcesBuildPhase section */
		3C3E1C4F1B66CBE900D3AF45 /* Sources */ = {
			isa = PBXSourcesBuildPhase;
			buildActionMask = 2147483647;
			files = (
				3C3E1C8D1B66D04C00D3AF45 /* ThreadViewController.m in Sources */,
				3C3E1C811B66CC1000D3AF45 /* MessageThread.m in Sources */,
				81CFD01D1B68291900FE3B59 /* FacebookViewController.m in Sources */,
				3C3E1C8A1B66CF0000D3AF45 /* ThreadCell.m in Sources */,
				3C3E1C901B66D12500D3AF45 /* PostCell.m in Sources */,
				3C3E1C871B66CCFE00D3AF45 /* ThreadCollectionView.m in Sources */,
				81374DC91B698D5B007926AD /* circleCell.m in Sources */,
				3C3E1C5C1B66CBE900D3AF45 /* AppDelegate.m in Sources */,
				81374DC61B698D3B007926AD /* LocationManagerHandler.m in Sources */,
				3C3E1C591B66CBE900D3AF45 /* main.m in Sources */,
				81CFD0171B6814F700FE3B59 /* CollectionHandler.m in Sources */,
				3C3E1C7E1B66CC0400D3AF45 /* Post.m in Sources */,
				81CFD0161B6814F700FE3B59 /* Collection.m in Sources */,
				81CFD01A1B681CA000FE3B59 /* MaoViewViewController.m in Sources */,
				81374DCC1B698D6D007926AD /* CircularLayout.m in Sources */,
				81CFD0201B687DEB00FE3B59 /* LoginViewController.m in Sources */,
			);
			runOnlyForDeploymentPostprocessing = 0;
		};
		3C3E1C681B66CBEA00D3AF45 /* Sources */ = {
			isa = PBXSourcesBuildPhase;
			buildActionMask = 2147483647;
			files = (
				3C3E1C731B66CBEA00D3AF45 /* iOS_MessagingAppTests.m in Sources */,
			);
			runOnlyForDeploymentPostprocessing = 0;
		};
/* End PBXSourcesBuildPhase section */

/* Begin PBXTargetDependency section */
		3C3E1C6E1B66CBEA00D3AF45 /* PBXTargetDependency */ = {
			isa = PBXTargetDependency;
			target = 3C3E1C521B66CBE900D3AF45 /* iOS-MessagingApp */;
			targetProxy = 3C3E1C6D1B66CBEA00D3AF45 /* PBXContainerItemProxy */;
		};
/* End PBXTargetDependency section */

/* Begin PBXVariantGroup section */
		3C3E1C601B66CBE900D3AF45 /* Main.storyboard */ = {
			isa = PBXVariantGroup;
			children = (
				3C3E1C611B66CBE900D3AF45 /* Base */,
			);
			name = Main.storyboard;
			sourceTree = "<group>";
		};
		3C3E1C651B66CBE900D3AF45 /* LaunchScreen.xib */ = {
			isa = PBXVariantGroup;
			children = (
				3C3E1C661B66CBE900D3AF45 /* Base */,
			);
			name = LaunchScreen.xib;
			sourceTree = "<group>";
		};
/* End PBXVariantGroup section */

/* Begin XCBuildConfiguration section */
		3C3E1C741B66CBEA00D3AF45 /* Debug */ = {
			isa = XCBuildConfiguration;
			buildSettings = {
				ALWAYS_SEARCH_USER_PATHS = NO;
				CLANG_CXX_LANGUAGE_STANDARD = "gnu++0x";
				CLANG_CXX_LIBRARY = "libc++";
				CLANG_ENABLE_MODULES = YES;
				CLANG_ENABLE_OBJC_ARC = YES;
				CLANG_WARN_BOOL_CONVERSION = YES;
				CLANG_WARN_CONSTANT_CONVERSION = YES;
				CLANG_WARN_DIRECT_OBJC_ISA_USAGE = YES_ERROR;
				CLANG_WARN_EMPTY_BODY = YES;
				CLANG_WARN_ENUM_CONVERSION = YES;
				CLANG_WARN_INT_CONVERSION = YES;
				CLANG_WARN_OBJC_ROOT_CLASS = YES_ERROR;
				CLANG_WARN_UNREACHABLE_CODE = YES;
				CLANG_WARN__DUPLICATE_METHOD_MATCH = YES;
				"CODE_SIGN_IDENTITY[sdk=iphoneos*]" = "iPhone Developer";
				COPY_PHASE_STRIP = NO;
				DEBUG_INFORMATION_FORMAT = "dwarf-with-dsym";
				ENABLE_STRICT_OBJC_MSGSEND = YES;
				GCC_C_LANGUAGE_STANDARD = gnu99;
				GCC_DYNAMIC_NO_PIC = NO;
				GCC_NO_COMMON_BLOCKS = YES;
				GCC_OPTIMIZATION_LEVEL = 0;
				GCC_PREPROCESSOR_DEFINITIONS = (
					"DEBUG=1",
					"$(inherited)",
				);
				GCC_SYMBOLS_PRIVATE_EXTERN = NO;
				GCC_WARN_64_TO_32_BIT_CONVERSION = YES;
				GCC_WARN_ABOUT_RETURN_TYPE = YES_ERROR;
				GCC_WARN_UNDECLARED_SELECTOR = YES;
				GCC_WARN_UNINITIALIZED_AUTOS = YES_AGGRESSIVE;
				GCC_WARN_UNUSED_FUNCTION = YES;
				GCC_WARN_UNUSED_VARIABLE = YES;
				IPHONEOS_DEPLOYMENT_TARGET = 8.4;
				MTL_ENABLE_DEBUG_INFO = YES;
				ONLY_ACTIVE_ARCH = YES;
				SDKROOT = iphoneos;
			};
			name = Debug;
		};
		3C3E1C751B66CBEA00D3AF45 /* Release */ = {
			isa = XCBuildConfiguration;
			buildSettings = {
				ALWAYS_SEARCH_USER_PATHS = NO;
				CLANG_CXX_LANGUAGE_STANDARD = "gnu++0x";
				CLANG_CXX_LIBRARY = "libc++";
				CLANG_ENABLE_MODULES = YES;
				CLANG_ENABLE_OBJC_ARC = YES;
				CLANG_WARN_BOOL_CONVERSION = YES;
				CLANG_WARN_CONSTANT_CONVERSION = YES;
				CLANG_WARN_DIRECT_OBJC_ISA_USAGE = YES_ERROR;
				CLANG_WARN_EMPTY_BODY = YES;
				CLANG_WARN_ENUM_CONVERSION = YES;
				CLANG_WARN_INT_CONVERSION = YES;
				CLANG_WARN_OBJC_ROOT_CLASS = YES_ERROR;
				CLANG_WARN_UNREACHABLE_CODE = YES;
				CLANG_WARN__DUPLICATE_METHOD_MATCH = YES;
				"CODE_SIGN_IDENTITY[sdk=iphoneos*]" = "iPhone Developer";
				COPY_PHASE_STRIP = NO;
				DEBUG_INFORMATION_FORMAT = "dwarf-with-dsym";
				ENABLE_NS_ASSERTIONS = NO;
				ENABLE_STRICT_OBJC_MSGSEND = YES;
				GCC_C_LANGUAGE_STANDARD = gnu99;
				GCC_NO_COMMON_BLOCKS = YES;
				GCC_WARN_64_TO_32_BIT_CONVERSION = YES;
				GCC_WARN_ABOUT_RETURN_TYPE = YES_ERROR;
				GCC_WARN_UNDECLARED_SELECTOR = YES;
				GCC_WARN_UNINITIALIZED_AUTOS = YES_AGGRESSIVE;
				GCC_WARN_UNUSED_FUNCTION = YES;
				GCC_WARN_UNUSED_VARIABLE = YES;
				IPHONEOS_DEPLOYMENT_TARGET = 8.4;
				MTL_ENABLE_DEBUG_INFO = NO;
				SDKROOT = iphoneos;
				VALIDATE_PRODUCT = YES;
			};
			name = Release;
		};
		3C3E1C771B66CBEA00D3AF45 /* Debug */ = {
			isa = XCBuildConfiguration;
			buildSettings = {
				ASSETCATALOG_COMPILER_APPICON_NAME = AppIcon;
				CODE_SIGN_IDENTITY = "iPhone Developer";
				"CODE_SIGN_IDENTITY[sdk=iphoneos*]" = "iPhone Developer";
				FRAMEWORK_SEARCH_PATHS = (
					"$(inherited)",
					/Users/gig_r/Documents/FacebookSDK,
					"/Users/gig_r/Downloads/parse-library-1.7.5",
				);
				INFOPLIST_FILE = "iOS-MessagingApp/Info.plist";
				LD_RUNPATH_SEARCH_PATHS = "$(inherited) @executable_path/Frameworks";
				PRODUCT_NAME = "$(TARGET_NAME)";
				PROVISIONING_PROFILE = "";
			};
			name = Debug;
		};
		3C3E1C781B66CBEA00D3AF45 /* Release */ = {
			isa = XCBuildConfiguration;
			buildSettings = {
				ASSETCATALOG_COMPILER_APPICON_NAME = AppIcon;
				CODE_SIGN_IDENTITY = "iPhone Developer";
				"CODE_SIGN_IDENTITY[sdk=iphoneos*]" = "iPhone Developer";
				FRAMEWORK_SEARCH_PATHS = (
					"$(inherited)",
					/Users/gig_r/Documents/FacebookSDK,
					"/Users/gig_r/Downloads/parse-library-1.7.5",
				);
				INFOPLIST_FILE = "iOS-MessagingApp/Info.plist";
				LD_RUNPATH_SEARCH_PATHS = "$(inherited) @executable_path/Frameworks";
				PRODUCT_NAME = "$(TARGET_NAME)";
				PROVISIONING_PROFILE = "";
			};
			name = Release;
		};
		3C3E1C7A1B66CBEA00D3AF45 /* Debug */ = {
			isa = XCBuildConfiguration;
			buildSettings = {
				BUNDLE_LOADER = "$(TEST_HOST)";
				FRAMEWORK_SEARCH_PATHS = (
					"$(SDKROOT)/Developer/Library/Frameworks",
					"$(inherited)",
				);
				GCC_PREPROCESSOR_DEFINITIONS = (
					"DEBUG=1",
					"$(inherited)",
				);
				INFOPLIST_FILE = "iOS-MessagingAppTests/Info.plist";
				LD_RUNPATH_SEARCH_PATHS = "$(inherited) @executable_path/Frameworks @loader_path/Frameworks";
				PRODUCT_NAME = "$(TARGET_NAME)";
				TEST_HOST = "$(BUILT_PRODUCTS_DIR)/iOS-MessagingApp.app/iOS-MessagingApp";
			};
			name = Debug;
		};
		3C3E1C7B1B66CBEA00D3AF45 /* Release */ = {
			isa = XCBuildConfiguration;
			buildSettings = {
				BUNDLE_LOADER = "$(TEST_HOST)";
				FRAMEWORK_SEARCH_PATHS = (
					"$(SDKROOT)/Developer/Library/Frameworks",
					"$(inherited)",
				);
				INFOPLIST_FILE = "iOS-MessagingAppTests/Info.plist";
				LD_RUNPATH_SEARCH_PATHS = "$(inherited) @executable_path/Frameworks @loader_path/Frameworks";
				PRODUCT_NAME = "$(TARGET_NAME)";
				TEST_HOST = "$(BUILT_PRODUCTS_DIR)/iOS-MessagingApp.app/iOS-MessagingApp";
			};
			name = Release;
		};
/* End XCBuildConfiguration section */

/* Begin XCConfigurationList section */
		3C3E1C4E1B66CBE900D3AF45 /* Build configuration list for PBXProject "iOS-MessagingApp" */ = {
			isa = XCConfigurationList;
			buildConfigurations = (
				3C3E1C741B66CBEA00D3AF45 /* Debug */,
				3C3E1C751B66CBEA00D3AF45 /* Release */,
			);
			defaultConfigurationIsVisible = 0;
			defaultConfigurationName = Release;
		};
		3C3E1C761B66CBEA00D3AF45 /* Build configuration list for PBXNativeTarget "iOS-MessagingApp" */ = {
			isa = XCConfigurationList;
			buildConfigurations = (
				3C3E1C771B66CBEA00D3AF45 /* Debug */,
				3C3E1C781B66CBEA00D3AF45 /* Release */,
			);
			defaultConfigurationIsVisible = 0;
			defaultConfigurationName = Release;
		};
		3C3E1C791B66CBEA00D3AF45 /* Build configuration list for PBXNativeTarget "iOS-MessagingAppTests" */ = {
			isa = XCConfigurationList;
			buildConfigurations = (
				3C3E1C7A1B66CBEA00D3AF45 /* Debug */,
				3C3E1C7B1B66CBEA00D3AF45 /* Release */,
			);
			defaultConfigurationIsVisible = 0;
			defaultConfigurationName = Release;
		};
/* End XCConfigurationList section */
	};
	rootObject = 3C3E1C4B1B66CBE900D3AF45 /* Project object */;
}
